// !$*UTF8*$!
{
	archiveVersion = 1;
	classes = {
	};
	objectVersion = 50;
	objects = {

/* Begin PBXBuildFile section */
		3FEC9E8621917CB200BB3D06 /* AppDelegate.swift in Sources */ = {isa = PBXBuildFile; fileRef = 3FEC9E8521917CB200BB3D06 /* AppDelegate.swift */; };
		3FEC9E8821917CB200BB3D06 /* ViewController.swift in Sources */ = {isa = PBXBuildFile; fileRef = 3FEC9E8721917CB200BB3D06 /* ViewController.swift */; };
		3FEC9E8B21917CB200BB3D06 /* Main.storyboard in Resources */ = {isa = PBXBuildFile; fileRef = 3FEC9E8921917CB200BB3D06 /* Main.storyboard */; };
		3FEC9E8D21917CB400BB3D06 /* Assets.xcassets in Resources */ = {isa = PBXBuildFile; fileRef = 3FEC9E8C21917CB400BB3D06 /* Assets.xcassets */; };
		3FEC9E9021917CB400BB3D06 /* LaunchScreen.storyboard in Resources */ = {isa = PBXBuildFile; fileRef = 3FEC9E8E21917CB400BB3D06 /* LaunchScreen.storyboard */; };
		3FEC9E9B21917CB400BB3D06 /* AnimationTests.swift in Sources */ = {isa = PBXBuildFile; fileRef = 3FEC9E9A21917CB400BB3D06 /* AnimationTests.swift */; };
		3FEC9EA621917CB400BB3D06 /* AnimationUITests.swift in Sources */ = {isa = PBXBuildFile; fileRef = 3FEC9EA521917CB400BB3D06 /* AnimationUITests.swift */; };
/* End PBXBuildFile section */

/* Begin PBXContainerItemProxy section */
		3FEC9E9721917CB400BB3D06 /* PBXContainerItemProxy */ = {
			isa = PBXContainerItemProxy;
			containerPortal = 3FEC9E7A21917CB100BB3D06 /* Project object */;
			proxyType = 1;
			remoteGlobalIDString = 3FEC9E8121917CB100BB3D06;
			remoteInfo = Animation;
		};
		3FEC9EA221917CB400BB3D06 /* PBXContainerItemProxy */ = {
			isa = PBXContainerItemProxy;
			containerPortal = 3FEC9E7A21917CB100BB3D06 /* Project object */;
			proxyType = 1;
			remoteGlobalIDString = 3FEC9E8121917CB100BB3D06;
			remoteInfo = Animation;
		};
/* End PBXContainerItemProxy section */

/* Begin PBXFileReference section */
		3FEC9E8221917CB200BB3D06 /* Animation.app */ = {isa = PBXFileReference; explicitFileType = wrapper.application; includeInIndex = 0; path = Animation.app; sourceTree = BUILT_PRODUCTS_DIR; };
		3FEC9E8521917CB200BB3D06 /* AppDelegate.swift */ = {isa = PBXFileReference; lastKnownFileType = sourcecode.swift; path = AppDelegate.swift; sourceTree = "<group>"; };
		3FEC9E8721917CB200BB3D06 /* ViewController.swift */ = {isa = PBXFileReference; lastKnownFileType = sourcecode.swift; path = ViewController.swift; sourceTree = "<group>"; };
		3FEC9E8A21917CB200BB3D06 /* Base */ = {isa = PBXFileReference; lastKnownFileType = file.storyboard; name = Base; path = Base.lproj/Main.storyboard; sourceTree = "<group>"; };
		3FEC9E8C21917CB400BB3D06 /* Assets.xcassets */ = {isa = PBXFileReference; lastKnownFileType = folder.assetcatalog; path = Assets.xcassets; sourceTree = "<group>"; };
		3FEC9E8F21917CB400BB3D06 /* Base */ = {isa = PBXFileReference; lastKnownFileType = file.storyboard; name = Base; path = Base.lproj/LaunchScreen.storyboard; sourceTree = "<group>"; };
		3FEC9E9121917CB400BB3D06 /* Info.plist */ = {isa = PBXFileReference; lastKnownFileType = text.plist.xml; path = Info.plist; sourceTree = "<group>"; };
		3FEC9E9621917CB400BB3D06 /* AnimationTests.xctest */ = {isa = PBXFileReference; explicitFileType = wrapper.cfbundle; includeInIndex = 0; path = AnimationTests.xctest; sourceTree = BUILT_PRODUCTS_DIR; };
		3FEC9E9A21917CB400BB3D06 /* AnimationTests.swift */ = {isa = PBXFileReference; lastKnownFileType = sourcecode.swift; path = AnimationTests.swift; sourceTree = "<group>"; };
		3FEC9E9C21917CB400BB3D06 /* Info.plist */ = {isa = PBXFileReference; lastKnownFileType = text.plist.xml; path = Info.plist; sourceTree = "<group>"; };
		3FEC9EA121917CB400BB3D06 /* AnimationUITests.xctest */ = {isa = PBXFileReference; explicitFileType = wrapper.cfbundle; includeInIndex = 0; path = AnimationUITests.xctest; sourceTree = BUILT_PRODUCTS_DIR; };
		3FEC9EA521917CB400BB3D06 /* AnimationUITests.swift */ = {isa = PBXFileReference; lastKnownFileType = sourcecode.swift; path = AnimationUITests.swift; sourceTree = "<group>"; };
		3FEC9EA721917CB400BB3D06 /* Info.plist */ = {isa = PBXFileReference; lastKnownFileType = text.plist.xml; path = Info.plist; sourceTree = "<group>"; };
/* End PBXFileReference section */

/* Begin PBXFrameworksBuildPhase section */
		3FEC9E7F21917CB100BB3D06 /* Frameworks */ = {
			isa = PBXFrameworksBuildPhase;
			buildActionMask = 2147483647;
			files = (
			);
			runOnlyForDeploymentPostprocessing = 0;
		};
		3FEC9E9321917CB400BB3D06 /* Frameworks */ = {
			isa = PBXFrameworksBuildPhase;
			buildActionMask = 2147483647;
			files = (
			);
			runOnlyForDeploymentPostprocessing = 0;
		};
		3FEC9E9E21917CB400BB3D06 /* Frameworks */ = {
			isa = PBXFrameworksBuildPhase;
			buildActionMask = 2147483647;
			files = (
			);
			runOnlyForDeploymentPostprocessing = 0;
		};
/* End PBXFrameworksBuildPhase section */

/* Begin PBXGroup section */
		3FEC9E7921917CB100BB3D06 = {
			isa = PBXGroup;
			children = (
				3FEC9E8421917CB200BB3D06 /* Animation */,
				3FEC9E9921917CB400BB3D06 /* AnimationTests */,
				3FEC9EA421917CB400BB3D06 /* AnimationUITests */,
				3FEC9E8321917CB200BB3D06 /* Products */,
			);
			sourceTree = "<group>";
		};
		3FEC9E8321917CB200BB3D06 /* Products */ = {
			isa = PBXGroup;
			children = (
				3FEC9E8221917CB200BB3D06 /* Animation.app */,
				3FEC9E9621917CB400BB3D06 /* AnimationTests.xctest */,
				3FEC9EA121917CB400BB3D06 /* AnimationUITests.xctest */,
			);
			name = Products;
			sourceTree = "<group>";
		};
		3FEC9E8421917CB200BB3D06 /* Animation */ = {
			isa = PBXGroup;
			children = (
				3FEC9E8521917CB200BB3D06 /* AppDelegate.swift */,
				3FEC9E8721917CB200BB3D06 /* ViewController.swift */,
				3FEC9E8921917CB200BB3D06 /* Main.storyboard */,
				3FEC9E8C21917CB400BB3D06 /* Assets.xcassets */,
				3FEC9E8E21917CB400BB3D06 /* LaunchScreen.storyboard */,
				3FEC9E9121917CB400BB3D06 /* Info.plist */,
			);
			path = Animation;
			sourceTree = "<group>";
		};
		3FEC9E9921917CB400BB3D06 /* AnimationTests */ = {
			isa = PBXGroup;
			children = (
				3FEC9E9A21917CB400BB3D06 /* AnimationTests.swift */,
				3FEC9E9C21917CB400BB3D06 /* Info.plist */,
			);
			path = AnimationTests;
			sourceTree = "<group>";
		};
		3FEC9EA421917CB400BB3D06 /* AnimationUITests */ = {
			isa = PBXGroup;
			children = (
				3FEC9EA521917CB400BB3D06 /* AnimationUITests.swift */,
				3FEC9EA721917CB400BB3D06 /* Info.plist */,
			);
			path = AnimationUITests;
			sourceTree = "<group>";
		};
/* End PBXGroup section */

/* Begin PBXNativeTarget section */
		3FEC9E8121917CB100BB3D06 /* Animation */ = {
			isa = PBXNativeTarget;
			buildConfigurationList = 3FEC9EAA21917CB400BB3D06 /* Build configuration list for PBXNativeTarget "Animation" */;
			buildPhases = (
				3FEC9E7E21917CB100BB3D06 /* Sources */,
				3FEC9E7F21917CB100BB3D06 /* Frameworks */,
				3FEC9E8021917CB100BB3D06 /* Resources */,
			);
			buildRules = (
			);
			dependencies = (
			);
			name = Animation;
			productName = Animation;
			productReference = 3FEC9E8221917CB200BB3D06 /* Animation.app */;
			productType = "com.apple.product-type.application";
		};
		3FEC9E9521917CB400BB3D06 /* AnimationTests */ = {
			isa = PBXNativeTarget;
			buildConfigurationList = 3FEC9EAD21917CB400BB3D06 /* Build configuration list for PBXNativeTarget "AnimationTests" */;
			buildPhases = (
				3FEC9E9221917CB400BB3D06 /* Sources */,
				3FEC9E9321917CB400BB3D06 /* Frameworks */,
				3FEC9E9421917CB400BB3D06 /* Resources */,
			);
			buildRules = (
			);
			dependencies = (
				3FEC9E9821917CB400BB3D06 /* PBXTargetDependency */,
			);
			name = AnimationTests;
			productName = AnimationTests;
			productReference = 3FEC9E9621917CB400BB3D06 /* AnimationTests.xctest */;
			productType = "com.apple.product-type.bundle.unit-test";
		};
		3FEC9EA021917CB400BB3D06 /* AnimationUITests */ = {
			isa = PBXNativeTarget;
			buildConfigurationList = 3FEC9EB021917CB400BB3D06 /* Build configuration list for PBXNativeTarget "AnimationUITests" */;
			buildPhases = (
				3FEC9E9D21917CB400BB3D06 /* Sources */,
				3FEC9E9E21917CB400BB3D06 /* Frameworks */,
				3FEC9E9F21917CB400BB3D06 /* Resources */,
			);
			buildRules = (
			);
			dependencies = (
				3FEC9EA321917CB400BB3D06 /* PBXTargetDependency */,
			);
			name = AnimationUITests;
			productName = AnimationUITests;
			productReference = 3FEC9EA121917CB400BB3D06 /* AnimationUITests.xctest */;
			productType = "com.apple.product-type.bundle.ui-testing";
		};
/* End PBXNativeTarget section */

/* Begin PBXProject section */
		3FEC9E7A21917CB100BB3D06 /* Project object */ = {
			isa = PBXProject;
			attributes = {
				LastSwiftUpdateCheck = 1010;
				LastUpgradeCheck = 1010;
				ORGANIZATIONNAME = Student;
				TargetAttributes = {
					3FEC9E8121917CB100BB3D06 = {
						CreatedOnToolsVersion = 10.1;
					};
					3FEC9E9521917CB400BB3D06 = {
						CreatedOnToolsVersion = 10.1;
						TestTargetID = 3FEC9E8121917CB100BB3D06;
					};
					3FEC9EA021917CB400BB3D06 = {
						CreatedOnToolsVersion = 10.1;
						TestTargetID = 3FEC9E8121917CB100BB3D06;
					};
				};
			};
			buildConfigurationList = 3FEC9E7D21917CB100BB3D06 /* Build configuration list for PBXProject "Animation" */;
			compatibilityVersion = "Xcode 9.3";
			developmentRegion = en;
			hasScannedForEncodings = 0;
			knownRegions = (
				en,
				Base,
			);
			mainGroup = 3FEC9E7921917CB100BB3D06;
			productRefGroup = 3FEC9E8321917CB200BB3D06 /* Products */;
			projectDirPath = "";
			projectRoot = "";
			targets = (
				3FEC9E8121917CB100BB3D06 /* Animation */,
				3FEC9E9521917CB400BB3D06 /* AnimationTests */,
				3FEC9EA021917CB400BB3D06 /* AnimationUITests */,
			);
		};
/* End PBXProject section */

/* Begin PBXResourcesBuildPhase section */
		3FEC9E8021917CB100BB3D06 /* Resources */ = {
			isa = PBXResourcesBuildPhase;
			buildActionMask = 2147483647;
			files = (
				3FEC9E9021917CB400BB3D06 /* LaunchScreen.storyboard in Resources */,
				3FEC9E8D21917CB400BB3D06 /* Assets.xcassets in Resources */,
				3FEC9E8B21917CB200BB3D06 /* Main.storyboard in Resources */,
			);
			runOnlyForDeploymentPostprocessing = 0;
		};
		3FEC9E9421917CB400BB3D06 /* Resources */ = {
			isa = PBXResourcesBuildPhase;
			buildActionMask = 2147483647;
			files = (
			);
			runOnlyForDeploymentPostprocessing = 0;
		};
		3FEC9E9F21917CB400BB3D06 /* Resources */ = {
			isa = PBXResourcesBuildPhase;
			buildActionMask = 2147483647;
			files = (
			);
			runOnlyForDeploymentPostprocessing = 0;
		};
/* End PBXResourcesBuildPhase section */

/* Begin PBXSourcesBuildPhase section */
		3FEC9E7E21917CB100BB3D06 /* Sources */ = {
			isa = PBXSourcesBuildPhase;
			buildActionMask = 2147483647;
			files = (
				3FEC9E8821917CB200BB3D06 /* ViewController.swift in Sources */,
				3FEC9E8621917CB200BB3D06 /* AppDelegate.swift in Sources */,
			);
			runOnlyForDeploymentPostprocessing = 0;
		};
		3FEC9E9221917CB400BB3D06 /* Sources */ = {
			isa = PBXSourcesBuildPhase;
			buildActionMask = 2147483647;
			files = (
				3FEC9E9B21917CB400BB3D06 /* AnimationTests.swift in Sources */,
			);
			runOnlyForDeploymentPostprocessing = 0;
		};
		3FEC9E9D21917CB400BB3D06 /* Sources */ = {
			isa = PBXSourcesBuildPhase;
			buildActionMask = 2147483647;
			files = (
				3FEC9EA621917CB400BB3D06 /* AnimationUITests.swift in Sources */,
			);
			runOnlyForDeploymentPostprocessing = 0;
		};
/* End PBXSourcesBuildPhase section */

/* Begin PBXTargetDependency section */
		3FEC9E9821917CB400BB3D06 /* PBXTargetDependency */ = {
			isa = PBXTargetDependency;
			target = 3FEC9E8121917CB100BB3D06 /* Animation */;
			targetProxy = 3FEC9E9721917CB400BB3D06 /* PBXContainerItemProxy */;
		};
		3FEC9EA321917CB400BB3D06 /* PBXTargetDependency */ = {
			isa = PBXTargetDependency;
			target = 3FEC9E8121917CB100BB3D06 /* Animation */;
			targetProxy = 3FEC9EA221917CB400BB3D06 /* PBXContainerItemProxy */;
		};
/* End PBXTargetDependency section */

/* Begin PBXVariantGroup section */
		3FEC9E8921917CB200BB3D06 /* Main.storyboard */ = {
			isa = PBXVariantGroup;
			children = (
				3FEC9E8A21917CB200BB3D06 /* Base */,
			);
			name = Main.storyboard;
			sourceTree = "<group>";
		};
		3FEC9E8E21917CB400BB3D06 /* LaunchScreen.storyboard */ = {
			isa = PBXVariantGroup;
			children = (
				3FEC9E8F21917CB400BB3D06 /* Base */,
			);
			name = LaunchScreen.storyboard;
			sourceTree = "<group>";
		};
/* End PBXVariantGroup section */

/* Begin XCBuildConfiguration section */
		3FEC9EA821917CB400BB3D06 /* Debug */ = {
			isa = XCBuildConfiguration;
			buildSettings = {
				ALWAYS_SEARCH_USER_PATHS = NO;
				CLANG_ANALYZER_NONNULL = YES;
				CLANG_ANALYZER_NUMBER_OBJECT_CONVERSION = YES_AGGRESSIVE;
				CLANG_CXX_LANGUAGE_STANDARD = "gnu++14";
				CLANG_CXX_LIBRARY = "libc++";
				CLANG_ENABLE_MODULES = YES;
				CLANG_ENABLE_OBJC_ARC = YES;
				CLANG_ENABLE_OBJC_WEAK = YES;
				CLANG_WARN_BLOCK_CAPTURE_AUTORELEASING = YES;
				CLANG_WARN_BOOL_CONVERSION = YES;
				CLANG_WARN_COMMA = YES;
				CLANG_WARN_CONSTANT_CONVERSION = YES;
				CLANG_WARN_DEPRECATED_OBJC_IMPLEMENTATIONS = YES;
				CLANG_WARN_DIRECT_OBJC_ISA_USAGE = YES_ERROR;
				CLANG_WARN_DOCUMENTATION_COMMENTS = YES;
				CLANG_WARN_EMPTY_BODY = YES;
				CLANG_WARN_ENUM_CONVERSION = YES;
				CLANG_WARN_INFINITE_RECURSION = YES;
				CLANG_WARN_INT_CONVERSION = YES;
				CLANG_WARN_NON_LITERAL_NULL_CONVERSION = YES;
				CLANG_WARN_OBJC_IMPLICIT_RETAIN_SELF = YES;
				CLANG_WARN_OBJC_LITERAL_CONVERSION = YES;
				CLANG_WARN_OBJC_ROOT_CLASS = YES_ERROR;
				CLANG_WARN_RANGE_LOOP_ANALYSIS = YES;
				CLANG_WARN_STRICT_PROTOTYPES = YES;
				CLANG_WARN_SUSPICIOUS_MOVE = YES;
				CLANG_WARN_UNGUARDED_AVAILABILITY = YES_AGGRESSIVE;
				CLANG_WARN_UNREACHABLE_CODE = YES;
				CLANG_WARN__DUPLICATE_METHOD_MATCH = YES;
				CODE_SIGN_IDENTITY = "iPhone Developer";
				COPY_PHASE_STRIP = NO;
				DEBUG_INFORMATION_FORMAT = dwarf;
				ENABLE_STRICT_OBJC_MSGSEND = YES;
				ENABLE_TESTABILITY = YES;
				GCC_C_LANGUAGE_STANDARD = gnu11;
				GCC_DYNAMIC_NO_PIC = NO;
				GCC_NO_COMMON_BLOCKS = YES;
				GCC_OPTIMIZATION_LEVEL = 0;
				GCC_PREPROCESSOR_DEFINITIONS = (
					"DEBUG=1",
					"$(inherited)",
				);
				GCC_WARN_64_TO_32_BIT_CONVERSION = YES;
				GCC_WARN_ABOUT_RETURN_TYPE = YES_ERROR;
				GCC_WARN_UNDECLARED_SELECTOR = YES;
				GCC_WARN_UNINITIALIZED_AUTOS = YES_AGGRESSIVE;
				GCC_WARN_UNUSED_FUNCTION = YES;
				GCC_WARN_UNUSED_VARIABLE = YES;
				IPHONEOS_DEPLOYMENT_TARGET = 12.1;
				MTL_ENABLE_DEBUG_INFO = INCLUDE_SOURCE;
				MTL_FAST_MATH = YES;
				ONLY_ACTIVE_ARCH = YES;
				SDKROOT = iphoneos;
				SWIFT_ACTIVE_COMPILATION_CONDITIONS = DEBUG;
				SWIFT_OPTIMIZATION_LEVEL = "-Onone";
			};
			name = Debug;
		};
		3FEC9EA921917CB400BB3D06 /* Release */ = {
			isa = XCBuildConfiguration;
			buildSettings = {
				ALWAYS_SEARCH_USER_PATHS = NO;
				CLANG_ANALYZER_NONNULL = YES;
				CLANG_ANALYZER_NUMBER_OBJECT_CONVERSION = YES_AGGRESSIVE;
				CLANG_CXX_LANGUAGE_STANDARD = "gnu++14";
				CLANG_CXX_LIBRARY = "libc++";
				CLANG_ENABLE_MODULES = YES;
				CLANG_ENABLE_OBJC_ARC = YES;
				CLANG_ENABLE_OBJC_WEAK = YES;
				CLANG_WARN_BLOCK_CAPTURE_AUTORELEASING = YES;
				CLANG_WARN_BOOL_CONVERSION = YES;
				CLANG_WARN_COMMA = YES;
				CLANG_WARN_CONSTANT_CONVERSION = YES;
				CLANG_WARN_DEPRECATED_OBJC_IMPLEMENTATIONS = YES;
				CLANG_WARN_DIRECT_OBJC_ISA_USAGE = YES_ERROR;
				CLANG_WARN_DOCUMENTATION_COMMENTS = YES;
				CLANG_WARN_EMPTY_BODY = YES;
				CLANG_WARN_ENUM_CONVERSION = YES;
				CLANG_WARN_INFINITE_RECURSION = YES;
				CLANG_WARN_INT_CONVERSION = YES;
				CLANG_WARN_NON_LITERAL_NULL_CONVERSION = YES;
				CLANG_WARN_OBJC_IMPLICIT_RETAIN_SELF = YES;
				CLANG_WARN_OBJC_LITERAL_CONVERSION = YES;
				CLANG_WARN_OBJC_ROOT_CLASS = YES_ERROR;
				CLANG_WARN_RANGE_LOOP_ANALYSIS = YES;
				CLANG_WARN_STRICT_PROTOTYPES = YES;
				CLANG_WARN_SUSPICIOUS_MOVE = YES;
				CLANG_WARN_UNGUARDED_AVAILABILITY = YES_AGGRESSIVE;
				CLANG_WARN_UNREACHABLE_CODE = YES;
				CLANG_WARN__DUPLICATE_METHOD_MATCH = YES;
				CODE_SIGN_IDENTITY = "iPhone Developer";
				COPY_PHASE_STRIP = NO;
				DEBUG_INFORMATION_FORMAT = "dwarf-with-dsym";
				ENABLE_NS_ASSERTIONS = NO;
				ENABLE_STRICT_OBJC_MSGSEND = YES;
				GCC_C_LANGUAGE_STANDARD = gnu11;
				GCC_NO_COMMON_BLOCKS = YES;
				GCC_WARN_64_TO_32_BIT_CONVERSION = YES;
				GCC_WARN_ABOUT_RETURN_TYPE = YES_ERROR;
				GCC_WARN_UNDECLARED_SELECTOR = YES;
				GCC_WARN_UNINITIALIZED_AUTOS = YES_AGGRESSIVE;
				GCC_WARN_UNUSED_FUNCTION = YES;
				GCC_WARN_UNUSED_VARIABLE = YES;
				IPHONEOS_DEPLOYMENT_TARGET = 12.1;
				MTL_ENABLE_DEBUG_INFO = NO;
				MTL_FAST_MATH = YES;
				SDKROOT = iphoneos;
				SWIFT_COMPILATION_MODE = wholemodule;
				SWIFT_OPTIMIZATION_LEVEL = "-O";
				VALIDATE_PRODUCT = YES;
			};
			name = Release;
		};
		3FEC9EAB21917CB400BB3D06 /* Debug */ = {
			isa = XCBuildConfiguration;
			buildSettings = {
				ASSETCATALOG_COMPILER_APPICON_NAME = AppIcon;
				CODE_SIGN_STYLE = Automatic;
				INFOPLIST_FILE = Animation/Info.plist;
				LD_RUNPATH_SEARCH_PATHS = (
					"$(inherited)",
					"@executable_path/Frameworks",
				);
				PRODUCT_BUNDLE_IDENTIFIER = "IT-HUB.Animation";
				PRODUCT_NAME = "$(TARGET_NAME)";
				SWIFT_VERSION = 4.2;
				TARGETED_DEVICE_FAMILY = "1,2";
			};
			name = Debug;
		};
		3FEC9EAC21917CB400BB3D06 /* Release */ = {
			isa = XCBuildConfiguration;
			buildSettings = {
				ASSETCATALOG_COMPILER_APPICON_NAME = AppIcon;
				CODE_SIGN_STYLE = Automatic;
				INFOPLIST_FILE = Animation/Info.plist;
				LD_RUNPATH_SEARCH_PATHS = (
					"$(inherited)",
					"@executable_path/Frameworks",
				);
				PRODUCT_BUNDLE_IDENTIFIER = "IT-HUB.Animation";
				PRODUCT_NAME = "$(TARGET_NAME)";
				SWIFT_VERSION = 4.2;
				TARGETED_DEVICE_FAMILY = "1,2";
			};
			name = Release;
		};
		3FEC9EAE21917CB400BB3D06 /* Debug */ = {
			isa = XCBuildConfiguration;
			buildSettings = {
				ALWAYS_EMBED_SWIFT_STANDARD_LIBRARIES = YES;
				BUNDLE_LOADER = "$(TEST_HOST)";
				CODE_SIGN_STYLE = Automatic;
				INFOPLIST_FILE = AnimationTests/Info.plist;
				LD_RUNPATH_SEARCH_PATHS = (
					"$(inherited)",
					"@executable_path/Frameworks",
					"@loader_path/Frameworks",
				);
				PRODUCT_BUNDLE_IDENTIFIER = "IT-HUB.AnimationTests";
				PRODUCT_NAME = "$(TARGET_NAME)";
				SWIFT_VERSION = 4.2;
				TARGETED_DEVICE_FAMILY = "1,2";
				TEST_HOST = "$(BUILT_PRODUCTS_DIR)/Animation.app/Animation";
			};
			name = Debug;
		};
		3FEC9EAF21917CB400BB3D06 /* Release */ = {
			isa = XCBuildConfiguration;
			buildSettings = {
				ALWAYS_EMBED_SWIFT_STANDARD_LIBRARIES = YES;
				BUNDLE_LOADER = "$(TEST_HOST)";
				CODE_SIGN_STYLE = Automatic;
				INFOPLIST_FILE = AnimationTests/Info.plist;
				LD_RUNPATH_SEARCH_PATHS = (
					"$(inherited)",
					"@executable_path/Frameworks",
					"@loader_path/Frameworks",
				);
				PRODUCT_BUNDLE_IDENTIFIER = "IT-HUB.AnimationTests";
				PRODUCT_NAME = "$(TARGET_NAME)";
				SWIFT_VERSION = 4.2;
				TARGETED_DEVICE_FAMILY = "1,2";
				TEST_HOST = "$(BUILT_PRODUCTS_DIR)/Animation.app/Animation";
			};
			name = Release;
		};
		3FEC9EB121917CB400BB3D06 /* Debug */ = {
			isa = XCBuildConfiguration;
			buildSettings = {
				ALWAYS_EMBED_SWIFT_STANDARD_LIBRARIES = YES;
				CODE_SIGN_STYLE = Automatic;
				INFOPLIST_FILE = AnimationUITests/Info.plist;
				LD_RUNPATH_SEARCH_PATHS = (
					"$(inherited)",
					"@executable_path/Frameworks",
					"@loader_path/Frameworks",
				);
				PRODUCT_BUNDLE_IDENTIFIER = "IT-HUB.AnimationUITests";
				PRODUCT_NAME = "$(TARGET_NAME)";
				SWIFT_VERSION = 4.2;
				TARGETED_DEVICE_FAMILY = "1,2";
				TEST_TARGET_NAME = Animation;
			};
			name = Debug;
		};
		3FEC9EB221917CB400BB3D06 /* Release */ = {
			isa = XCBuildConfiguration;
			buildSettings = {
				ALWAYS_EMBED_SWIFT_STANDARD_LIBRARIES = YES;
				CODE_SIGN_STYLE = Automatic;
				INFOPLIST_FILE = AnimationUITests/Info.plist;
				LD_RUNPATH_SEARCH_PATHS = (
					"$(inherited)",
					"@executable_path/Frameworks",
					"@loader_path/Frameworks",
				);
				PRODUCT_BUNDLE_IDENTIFIER = "IT-HUB.AnimationUITests";
				PRODUCT_NAME = "$(TARGET_NAME)";
				SWIFT_VERSION = 4.2;
				TARGETED_DEVICE_FAMILY = "1,2";
				TEST_TARGET_NAME = Animation;
			};
			name = Release;
		};
/* End XCBuildConfiguration section */

/* Begin XCConfigurationList section */
		3FEC9E7D21917CB100BB3D06 /* Build configuration list for PBXProject "Animation" */ = {
			isa = XCConfigurationList;
			buildConfigurations = (
				3FEC9EA821917CB400BB3D06 /* Debug */,
				3FEC9EA921917CB400BB3D06 /* Release */,
			);
			defaultConfigurationIsVisible = 0;
			defaultConfigurationName = Release;
		};
		3FEC9EAA21917CB400BB3D06 /* Build configuration list for PBXNativeTarget "Animation" */ = {
			isa = XCConfigurationList;
			buildConfigurations = (
				3FEC9EAB21917CB400BB3D06 /* Debug */,
				3FEC9EAC21917CB400BB3D06 /* Release */,
			);
			defaultConfigurationIsVisible = 0;
			defaultConfigurationName = Release;
		};
		3FEC9EAD21917CB400BB3D06 /* Build configuration list for PBXNativeTarget "AnimationTests" */ = {
			isa = XCConfigurationList;
			buildConfigurations = (
				3FEC9EAE21917CB400BB3D06 /* Debug */,
				3FEC9EAF21917CB400BB3D06 /* Release */,
			);
			defaultConfigurationIsVisible = 0;
			defaultConfigurationName = Release;
		};
		3FEC9EB021917CB400BB3D06 /* Build configuration list for PBXNativeTarget "AnimationUITests" */ = {
			isa = XCConfigurationList;
			buildConfigurations = (
				3FEC9EB121917CB400BB3D06 /* Debug */,
				3FEC9EB221917CB400BB3D06 /* Release */,
			);
			defaultConfigurationIsVisible = 0;
			defaultConfigurationName = Release;
		};
/* End XCConfigurationList section */
	};
	rootObject = 3FEC9E7A21917CB100BB3D06 /* Project object */;
}
